
Microsoft Visual Studio Solution File, Format Version 12.00
# Visual Studio Version 17
VisualStudioVersion = 17.3.32819.101
MinimumVisualStudioVersion = 10.0.40219.1
Project("{9A19103F-16F7-4668-BE54-9A1E7A4F7556}") = "ExpressDelivery", "ExpressDelivery\ExpressDelivery.csproj", "{69BD169B-6B7B-48E6-9209-B8B8E9313035}"
EndProject
Global
	GlobalSection(SolutionConfigurationPlatforms) = preSolution
		Debug|Any CPU = Debug|Any CPU
		Release|Any CPU = Release|Any CPU
	EndGlobalSection
	GlobalSection(ProjectConfigurationPlatforms) = postSolution
		{69BD169B-6B7B-48E6-9209-B8B8E9313035}.Debug|Any CPU.ActiveCfg = Debug|Any CPU
		{69BD169B-6B7B-48E6-9209-B8B8E9313035}.Debug|Any CPU.Build.0 = Debug|Any CPU
		{69BD169B-6B7B-48E6-9209-B8B8E9313035}.Release|Any CPU.ActiveCfg = Release|Any CPU
		{69BD169B-6B7B-48E6-9209-B8B8E9313035}.Release|Any CPU.Build.0 = Release|Any CPU
	EndGlobalSection
	GlobalSection(SolutionProperties) = preSolution
		HideSolutionNode = FALSE
	EndGlobalSection
	GlobalSection(ExtensibilityGlobals) = postSolution
		SolutionGuid = {6FECF5B3-06C2-45F8-82F3-DC814A7AB9E3}
	EndGlobalSection
EndGlobal
